<?xml version="1.0" encoding="utf-8"?>
<Project ToolsVersion="4.0" xmlns="http://schemas.microsoft.com/developer/msbuild/2003">
  <ItemGroup>
    <Filter Include="dd">
      <UniqueIdentifier>{54d4d4b3-5e68-439e-817c-76a019634384}</UniqueIdentifier>
    </Filter>
    <Filter Include="dd\Core">
      <UniqueIdentifier>{9661a6e9-2ff6-4e6c-bc9c-66bc5385eca4}</UniqueIdentifier>
    </Filter>
    <Filter Include="dd\Core\Shaders">
      <UniqueIdentifier>{c8f9ed3c-d51f-49f1-984d-359ba9a04a76}</UniqueIdentifier>
    </Filter>
    <Filter Include="dd\Core\Util">
      <UniqueIdentifier>{1025e6a1-896b-43a0-9125-e0317b43724a}</UniqueIdentifier>
    </Filter>
    <Filter Include="dd\Input">
      <UniqueIdentifier>{4889e9d4-f602-4d5c-b87c-58a453255b4a}</UniqueIdentifier>
    </Filter>
    <Filter Include="dd\Particles">
      <UniqueIdentifier>{9909a9a4-97cc-4dcd-a460-7e6f388fe246}</UniqueIdentifier>
    </Filter>
    <Filter Include="dd\Rendering">
      <UniqueIdentifier>{bc0aec28-4728-4dbe-9947-c943e7972b3e}</UniqueIdentifier>
    </Filter>
    <Filter Include="dd\Timer">
      <UniqueIdentifier>{66e1b50b-a8e4-4662-943f-7f4e5eea2365}</UniqueIdentifier>
    </Filter>
    <Filter Include="dd\Transform">
      <UniqueIdentifier>{262c2d81-853e-468b-9ba8-4a56af0e6553}</UniqueIdentifier>
    </Filter>
    <Filter Include="dd\Trigger">
      <UniqueIdentifier>{a8dc24c7-32e6-4b46-87e4-5d315bebd9ec}</UniqueIdentifier>
    </Filter>
  </ItemGroup>
  <ItemGroup>
    <ClInclude Include="..\include\dd\Core\Util\Rectangle.h">
      <Filter>dd\Core\Util</Filter>
    </ClInclude>
    <ClInclude Include="..\include\dd\Core\Util\UnorderedMapPair.h">
      <Filter>dd\Core\Util</Filter>
    </ClInclude>
    <ClInclude Include="..\include\dd\Core\Util\GLError.h">
      <Filter>dd\Core\Util</Filter>
    </ClInclude>
    <ClInclude Include="..\include\dd\Core\Util\Logging.h">
      <Filter>dd\Core\Util</Filter>
    </ClInclude>
    <ClInclude Include="..\include\dd\Core\Component.h">
      <Filter>dd\Core</Filter>
    </ClInclude>
    <ClInclude Include="..\include\dd\Core\CTemplate.h">
      <Filter>dd\Core</Filter>
    </ClInclude>
    <ClInclude Include="..\include\dd\Core\CTransform.h">
      <Filter>dd\Core</Filter>
    </ClInclude>
    <ClInclude Include="..\include\dd\Core\CubemapTexture.h">
      <Filter>dd\Core</Filter>
    </ClInclude>
    <ClInclude Include="..\include\dd\Core\EGamepadAxis.h">
      <Filter>dd\Core</Filter>
    </ClInclude>
    <ClInclude Include="..\include\dd\Core\EGamepadButton.h">
      <Filter>dd\Core</Filter>
    </ClInclude>
    <ClInclude Include="..\include\dd\Core\EKeyDown.h">
      <Filter>dd\Core</Filter>
    </ClInclude>
    <ClInclude Include="..\include\dd\Core\EKeyUp.h">
      <Filter>dd\Core</Filter>
    </ClInclude>
    <ClInclude Include="..\include\dd\Core\ELockMouse.h">
      <Filter>dd\Core</Filter>
    </ClInclude>
    <ClInclude Include="..\include\dd\Core\EMouseMove.h">
      <Filter>dd\Core</Filter>
    </ClInclude>
    <ClInclude Include="..\include\dd\Core\EMousePress.h">
      <Filter>dd\Core</Filter>
    </ClInclude>
    <ClInclude Include="..\include\dd\Core\EMouseRelease.h">
      <Filter>dd\Core</Filter>
    </ClInclude>
    <ClInclude Include="..\include\dd\Core\Engine.h">
      <Filter>dd\Core</Filter>
    </ClInclude>
    <ClInclude Include="..\include\dd\Core\Entity.h">
      <Filter>dd\Core</Filter>
    </ClInclude>
    <ClInclude Include="..\include\dd\Core\EventBroker.h">
      <Filter>dd\Core</Filter>
    </ClInclude>
    <ClInclude Include="..\include\dd\Core\InputController.h">
      <Filter>dd\Core</Filter>
    </ClInclude>
    <ClInclude Include="..\include\dd\Core\InputManager.h">
      <Filter>dd\Core</Filter>
    </ClInclude>
    <ClInclude Include="..\include\dd\Core\Model.h">
      <Filter>dd\Core</Filter>
    </ClInclude>
    <ClInclude Include="..\include\dd\Core\OBJ.h">
      <Filter>dd\Core</Filter>
    </ClInclude>
    <ClInclude Include="..\include\dd\Core\Renderer.h">
      <Filter>dd\Core</Filter>
    </ClInclude>
    <ClInclude Include="..\include\dd\Core\RenderQueue.h">
      <Filter>dd\Core</Filter>
    </ClInclude>
    <ClInclude Include="..\include\dd\Core\ResourceManager.h">
      <Filter>dd\Core</Filter>
    </ClInclude>
    <ClInclude Include="..\include\dd\Core\ShaderProgram.h">
      <Filter>dd\Core</Filter>
    </ClInclude>
    <ClInclude Include="..\include\dd\Core\Skybox.h">
      <Filter>dd\Core</Filter>
    </ClInclude>
    <ClInclude Include="..\include\dd\Core\System.h">
      <Filter>dd\Core</Filter>
    </ClInclude>
    <ClInclude Include="..\include\dd\Core\Texture.h">
      <Filter>dd\Core</Filter>
    </ClInclude>
    <ClInclude Include="..\include\dd\Core\World.h">
      <Filter>dd\Core</Filter>
    </ClInclude>
    <ClInclude Include="..\include\dd\Core\Camera.h">
      <Filter>dd\Core</Filter>
    </ClInclude>
    <ClInclude Include="..\include\dd\Core\Color.h">
      <Filter>dd\Core</Filter>
    </ClInclude>
    <ClInclude Include="..\include\dd\Input\InputSystem.h">
      <Filter>dd\Input</Filter>
    </ClInclude>
    <ClInclude Include="..\include\dd\Input\EBindGamepadAxis.h">
      <Filter>dd\Input</Filter>
    </ClInclude>
    <ClInclude Include="..\include\dd\Input\EBindGamepadButton.h">
      <Filter>dd\Input</Filter>
    </ClInclude>
    <ClInclude Include="..\include\dd\Input\EBindKey.h">
      <Filter>dd\Input</Filter>
    </ClInclude>
    <ClInclude Include="..\include\dd\Input\EBindMouseButton.h">
      <Filter>dd\Input</Filter>
    </ClInclude>
    <ClInclude Include="..\include\dd\Input\EInputCommand.h">
      <Filter>dd\Input</Filter>
    </ClInclude>
    <ClInclude Include="..\include\dd\Rendering\CBlendMap.h">
      <Filter>dd\Rendering</Filter>
    </ClInclude>
    <ClInclude Include="..\include\dd\Rendering\CCamera.h">
      <Filter>dd\Rendering</Filter>
    </ClInclude>
    <ClInclude Include="..\include\dd\Rendering\CDamageModel.h">
      <Filter>dd\Rendering</Filter>
    </ClInclude>
    <ClInclude Include="..\include\dd\Rendering\CDirectionalLight.h">
      <Filter>dd\Rendering</Filter>
    </ClInclude>
    <ClInclude Include="..\include\dd\Rendering\CModel.h">
      <Filter>dd\Rendering</Filter>
    </ClInclude>
    <ClInclude Include="..\include\dd\Rendering\CPointLight.h">
      <Filter>dd\Rendering</Filter>
    </ClInclude>
    <ClInclude Include="..\include\dd\Rendering\CSprite.h">
      <Filter>dd\Rendering</Filter>
    </ClInclude>
    <ClInclude Include="..\include\dd\Rendering\CViewport.h">
      <Filter>dd\Rendering</Filter>
    </ClInclude>
    <ClInclude Include="..\include\dd\Timer\CFrameTimer.h">
      <Filter>dd\Timer</Filter>
    </ClInclude>
    <ClInclude Include="..\include\dd\Timer\CTimer.h">
      <Filter>dd\Timer</Filter>
    </ClInclude>
    <ClInclude Include="..\include\dd\Timer\TimerSystem.h">
      <Filter>dd\Timer</Filter>
    </ClInclude>
    <ClInclude Include="..\include\dd\Transform\EMove.h">
      <Filter>dd\Transform</Filter>
    </ClInclude>
    <ClInclude Include="..\include\dd\Transform\ERotate.h">
      <Filter>dd\Transform</Filter>
    </ClInclude>
    <ClInclude Include="..\include\dd\Transform\TransformSystem.h">
      <Filter>dd\Transform</Filter>
    </ClInclude>
    <ClInclude Include="..\include\dd\Trigger\CTrigger.h">
      <Filter>dd\Trigger</Filter>
    </ClInclude>
    <ClInclude Include="..\include\dd\Trigger\CTriggerExplosion.h">
      <Filter>dd\Trigger</Filter>
    </ClInclude>
    <ClInclude Include="..\include\dd\Trigger\CTriggerMove.h">
      <Filter>dd\Trigger</Filter>
    </ClInclude>
    <ClInclude Include="..\include\dd\Trigger\CTriggerRotate.h">
      <Filter>dd\Trigger</Filter>
    </ClInclude>
    <ClInclude Include="..\include\dd\Trigger\EEnterTrigger.h">
      <Filter>dd\Trigger</Filter>
    </ClInclude>
    <ClInclude Include="..\include\dd\Trigger\ELeaveTrigger.h">
      <Filter>dd\Trigger</Filter>
    </ClInclude>
    <ClInclude Include="..\include\dd\Trigger\TriggerSystem.h">
      <Filter>dd\Trigger</Filter>
    </ClInclude>
    <ClInclude Include="..\include\dd\Particles\CParticle.h">
      <Filter>dd\Particles</Filter>
    </ClInclude>
    <ClInclude Include="..\include\dd\Particles\CParticleEmitter.h">
      <Filter>dd\Particles</Filter>
    </ClInclude>
    <ClInclude Include="..\include\dd\Particles\ParticleSystem.h">
      <Filter>dd\Particles</Filter>
    </ClInclude>
    <ClInclude Include="..\include\dd\Core\Util\Factory.h">
      <Filter>dd\Core\Util</Filter>
    </ClInclude>
    <ClInclude Include="..\include\dd\Trigger\CMove.h">
      <Filter>dd\Trigger</Filter>
    </ClInclude>
    <ClInclude Include="..\include\dd\Trigger\CRotate.h">
      <Filter>dd\Trigger</Filter>
    </ClInclude>
    <ClInclude Include="..\include\dd\PrecompiledHeader.h">
      <Filter>dd</Filter>
    </ClInclude>
  </ItemGroup>
  <ItemGroup>
    <ClCompile Include="..\src\dd\Core\Camera.cpp">
      <Filter>dd\Core</Filter>
    </ClCompile>
    <ClCompile Include="..\src\dd\Core\CubemapTexture.cpp">
      <Filter>dd\Core</Filter>
    </ClCompile>
    <ClCompile Include="..\src\dd\Core\EventBroker.cpp">
      <Filter>dd\Core</Filter>
    </ClCompile>
    <ClCompile Include="..\src\dd\Core\InputManager.cpp">
      <Filter>dd\Core</Filter>
    </ClCompile>
    <ClCompile Include="..\src\dd\Core\Model.cpp">
      <Filter>dd\Core</Filter>
    </ClCompile>
    <ClCompile Include="..\src\dd\Core\OBJ.cpp">
      <Filter>dd\Core</Filter>
    </ClCompile>
    <ClCompile Include="..\src\dd\Core\Renderer.cpp">
      <Filter>dd\Core</Filter>
    </ClCompile>
    <ClCompile Include="..\src\dd\Core\ResourceManager.cpp">
      <Filter>dd\Core</Filter>
    </ClCompile>
    <ClCompile Include="..\src\dd\Core\ShaderProgram.cpp">
      <Filter>dd\Core</Filter>
    </ClCompile>
    <ClCompile Include="..\src\dd\Core\Skybox.cpp">
      <Filter>dd\Core</Filter>
    </ClCompile>
    <ClCompile Include="..\src\dd\Core\Texture.cpp">
      <Filter>dd\Core</Filter>
    </ClCompile>
    <ClCompile Include="..\src\dd\Core\World.cpp">
      <Filter>dd\Core</Filter>
    </ClCompile>
    <ClCompile Include="..\src\dd\Input\InputSystem.cpp">
      <Filter>dd\Input</Filter>
    </ClCompile>
    <ClCompile Include="..\src\dd\Particles\ParticleSystem.cpp">
      <Filter>dd\Particles</Filter>
    </ClCompile>
    <ClCompile Include="..\src\dd\Trigger\TriggerSystem.cpp">
      <Filter>dd\Trigger</Filter>
    </ClCompile>
    <ClCompile Include="..\src\dd\Timer\TimerSystem.cpp">
      <Filter>dd\Timer</Filter>
    </ClCompile>
    <ClCompile Include="..\src\dd\Transform\TransformSystem.cpp">
      <Filter>dd\Transform</Filter>
    </ClCompile>
    <ClCompile Include="..\src\dd\main.cpp">
      <Filter>dd</Filter>
    </ClCompile>
    <ClCompile Include="..\src\dd\PrecompiledHeader.cpp">
      <Filter>dd</Filter>
    </ClCompile>
  </ItemGroup>
  <ItemGroup>
    <None Include="..\src\dd\Core\Shaders\ForwardRendering.frag.glsl">
      <Filter>dd\Core\Shaders</Filter>
    </None>
    <None Include="..\src\dd\Core\Shaders\ForwardRendering.vert.glsl">
      <Filter>dd\Core\Shaders</Filter>
    </None>
    <None Include="..\src\dd\Core\Shaders\Fragment.glsl">
      <Filter>dd\Core\Shaders</Filter>
    </None>
    <None Include="..\src\dd\Core\Shaders\Fragment2.glsl">
      <Filter>dd\Core\Shaders</Filter>
    </None>
    <None Include="..\src\dd\Core\Shaders\Fragment2-Debug.glsl">
      <Filter>dd\Core\Shaders</Filter>
    </None>
    <None Include="..\src\dd\Core\Shaders\Normals.frag.glsl">
      <Filter>dd\Core\Shaders</Filter>
    </None>
    <None Include="..\src\dd\Core\Shaders\Normals.geo.glsl">
      <Filter>dd\Core\Shaders</Filter>
    </None>
    <None Include="..\src\dd\Core\Shaders\ShadowMap.frag.glsl">
      <Filter>dd\Core\Shaders</Filter>
    </None>
    <None Include="..\src\dd\Core\Shaders\ShadowMap.vert.glsl">
      <Filter>dd\Core\Shaders</Filter>
    </None>
    <None Include="..\src\dd\Core\Shaders\Skybox.frag.glsl">
      <Filter>dd\Core\Shaders</Filter>
    </None>
    <None Include="..\src\dd\Core\Shaders\Skybox.vert.glsl">
      <Filter>dd\Core\Shaders</Filter>
    </None>
    <None Include="..\src\dd\Core\Shaders\SunPass.frag.glsl">
      <Filter>dd\Core\Shaders</Filter>
    </None>
    <None Include="..\src\dd\Core\Shaders\SunPass.vert.glsl">
      <Filter>dd\Core\Shaders</Filter>
    </None>
    <None Include="..\src\dd\Core\Shaders\Vertex.glsl">
      <Filter>dd\Core\Shaders</Filter>
    </None>
    <None Include="..\src\dd\Core\Shaders\Vertex2.glsl">
      <Filter>dd\Core\Shaders</Filter>
    </None>
    <None Include="..\src\dd\Core\Shaders\VisualizeDepth.frag.glsl">
      <Filter>dd\Core\Shaders</Filter>
    </None>
    <None Include="..\src\dd\Core\Shaders\VisualizeDepth.vert.glsl">
      <Filter>dd\Core\Shaders</Filter>
    </None>
    <None Include="..\src\dd\Core\Shaders\AABB.frag.glsl">
      <Filter>dd\Core\Shaders</Filter>
    </None>
    <None Include="..\src\dd\Core\Shaders\BlendMap.frag.glsl">
      <Filter>dd\Core\Shaders</Filter>
    </None>
    <None Include="..\src\dd\Core\Shaders\BlendMap.vert.glsl">
      <Filter>dd\Core\Shaders</Filter>
    </None>
    <None Include="..\src\dd\Core\Shaders\FinalForwardPass.frag.glsl">
      <Filter>dd\Core\Shaders</Filter>
    </None>
    <None Include="..\src\dd\Core\Shaders\FinalForwardPass.vert.glsl">
      <Filter>dd\Core\Shaders</Filter>
    </None>
    <None Include="..\src\dd\Core\Shaders\FinalPass.frag.glsl">
      <Filter>dd\Core\Shaders</Filter>
    </None>
    <None Include="..\src\dd\Core\Shaders\FinalPass.vert.glsl">
      <Filter>dd\Core\Shaders</Filter>
    </None>
  </ItemGroup>
</Project>